// !$*UTF8*$!
{
	archiveVersion = 1;
	classes = {
	};
	objectVersion = 46;
	objects = {

/* Begin PBXBuildFile section */
		EA35EE5F1DBED74F000167B2 /* CustomViewController.m in Sources */ = {isa = PBXBuildFile; fileRef = EA35EE5B1DBED74F000167B2 /* CustomViewController.m */; };
		EA35EE601DBED74F000167B2 /* DefaultViewController.m in Sources */ = {isa = PBXBuildFile; fileRef = EA35EE5D1DBED74F000167B2 /* DefaultViewController.m */; };
		EA35EE861DBED789000167B2 /* MKAnnotationView+WebCache.m in Sources */ = {isa = PBXBuildFile; fileRef = EA35EE661DBED789000167B2 /* MKAnnotationView+WebCache.m */; };
		EA35EE871DBED789000167B2 /* NSData+ImageContentType.m in Sources */ = {isa = PBXBuildFile; fileRef = EA35EE681DBED789000167B2 /* NSData+ImageContentType.m */; };
		EA35EE881DBED789000167B2 /* SDImageCache.m in Sources */ = {isa = PBXBuildFile; fileRef = EA35EE6A1DBED789000167B2 /* SDImageCache.m */; };
		EA35EE891DBED789000167B2 /* SDWebImageCompat.m in Sources */ = {isa = PBXBuildFile; fileRef = EA35EE6C1DBED789000167B2 /* SDWebImageCompat.m */; };
		EA35EE8A1DBED789000167B2 /* SDWebImageDecoder.m in Sources */ = {isa = PBXBuildFile; fileRef = EA35EE6E1DBED789000167B2 /* SDWebImageDecoder.m */; };
		EA35EE8B1DBED789000167B2 /* SDWebImageDownloader.m in Sources */ = {isa = PBXBuildFile; fileRef = EA35EE701DBED789000167B2 /* SDWebImageDownloader.m */; };
		EA35EE8C1DBED789000167B2 /* SDWebImageDownloaderOperation.m in Sources */ = {isa = PBXBuildFile; fileRef = EA35EE721DBED789000167B2 /* SDWebImageDownloaderOperation.m */; };
		EA35EE8D1DBED789000167B2 /* SDWebImageManager.m in Sources */ = {isa = PBXBuildFile; fileRef = EA35EE741DBED789000167B2 /* SDWebImageManager.m */; };
		EA35EE8E1DBED789000167B2 /* SDWebImagePrefetcher.m in Sources */ = {isa = PBXBuildFile; fileRef = EA35EE771DBED789000167B2 /* SDWebImagePrefetcher.m */; };
		EA35EE8F1DBED789000167B2 /* UIButton+WebCache.m in Sources */ = {isa = PBXBuildFile; fileRef = EA35EE791DBED789000167B2 /* UIButton+WebCache.m */; };
		EA35EE901DBED789000167B2 /* UIImage+GIF.m in Sources */ = {isa = PBXBuildFile; fileRef = EA35EE7B1DBED789000167B2 /* UIImage+GIF.m */; };
		EA35EE911DBED789000167B2 /* UIImage+MultiFormat.m in Sources */ = {isa = PBXBuildFile; fileRef = EA35EE7D1DBED789000167B2 /* UIImage+MultiFormat.m */; };
		EA35EE921DBED789000167B2 /* UIImage+WebP.m in Sources */ = {isa = PBXBuildFile; fileRef = EA35EE7F1DBED789000167B2 /* UIImage+WebP.m */; };
		EA35EE931DBED789000167B2 /* UIImageView+HighlightedWebCache.m in Sources */ = {isa = PBXBuildFile; fileRef = EA35EE811DBED789000167B2 /* UIImageView+HighlightedWebCache.m */; };
		EA35EE941DBED789000167B2 /* UIImageView+WebCache.m in Sources */ = {isa = PBXBuildFile; fileRef = EA35EE831DBED789000167B2 /* UIImageView+WebCache.m */; };
		EA35EE951DBED789000167B2 /* UIView+WebCacheOperation.m in Sources */ = {isa = PBXBuildFile; fileRef = EA35EE851DBED789000167B2 /* UIView+WebCacheOperation.m */; };
		EA35EE9E1DBED795000167B2 /* add_attach@2x.png in Resources */ = {isa = PBXBuildFile; fileRef = EA35EE981DBED795000167B2 /* add_attach@2x.png */; };
		EA35EE9F1DBED795000167B2 /* add_attach@3x.png in Resources */ = {isa = PBXBuildFile; fileRef = EA35EE991DBED795000167B2 /* add_attach@3x.png */; };
		EA35EEA01DBED795000167B2 /* delete_image@2x.png in Resources */ = {isa = PBXBuildFile; fileRef = EA35EE9A1DBED795000167B2 /* delete_image@2x.png */; };
		EA35EEA11DBED795000167B2 /* delete_image@3x.png in Resources */ = {isa = PBXBuildFile; fileRef = EA35EE9B1DBED795000167B2 /* delete_image@3x.png */; };
		EA35EEA21DBED795000167B2 /* XTImageGridView.m in Sources */ = {isa = PBXBuildFile; fileRef = EA35EE9D1DBED795000167B2 /* XTImageGridView.m */; };
		EA9733661DBED64600690CA9 /* main.m in Sources */ = {isa = PBXBuildFile; fileRef = EA9733651DBED64600690CA9 /* main.m */; };
		EA9733691DBED64600690CA9 /* AppDelegate.m in Sources */ = {isa = PBXBuildFile; fileRef = EA9733681DBED64600690CA9 /* AppDelegate.m */; };
		EA97336C1DBED64600690CA9 /* ViewController.m in Sources */ = {isa = PBXBuildFile; fileRef = EA97336B1DBED64600690CA9 /* ViewController.m */; };
		EA97336F1DBED64600690CA9 /* Main.storyboard in Resources */ = {isa = PBXBuildFile; fileRef = EA97336D1DBED64600690CA9 /* Main.storyboard */; };
		EA9733711DBED64600690CA9 /* Assets.xcassets in Resources */ = {isa = PBXBuildFile; fileRef = EA9733701DBED64600690CA9 /* Assets.xcassets */; };
		EA9733741DBED64600690CA9 /* LaunchScreen.storyboard in Resources */ = {isa = PBXBuildFile; fileRef = EA9733721DBED64600690CA9 /* LaunchScreen.storyboard */; };
/* End PBXBuildFile section */

/* Begin PBXFileReference section */
		EA35EE5A1DBED74F000167B2 /* CustomViewController.h */ = {isa = PBXFileReference; fileEncoding = 4; lastKnownFileType = sourcecode.c.h; path = CustomViewController.h; sourceTree = "<group>"; };
		EA35EE5B1DBED74F000167B2 /* CustomViewController.m */ = {isa = PBXFileReference; fileEncoding = 4; lastKnownFileType = sourcecode.c.objc; path = CustomViewController.m; sourceTree = "<group>"; };
		EA35EE5C1DBED74F000167B2 /* DefaultViewController.h */ = {isa = PBXFileReference; fileEncoding = 4; lastKnownFileType = sourcecode.c.h; path = DefaultViewController.h; sourceTree = "<group>"; };
		EA35EE5D1DBED74F000167B2 /* DefaultViewController.m */ = {isa = PBXFileReference; fileEncoding = 4; lastKnownFileType = sourcecode.c.objc; path = DefaultViewController.m; sourceTree = "<group>"; };
		EA35EE651DBED789000167B2 /* MKAnnotationView+WebCache.h */ = {isa = PBXFileReference; fileEncoding = 4; lastKnownFileType = sourcecode.c.h; path = "MKAnnotationView+WebCache.h"; sourceTree = "<group>"; };
		EA35EE661DBED789000167B2 /* MKAnnotationView+WebCache.m */ = {isa = PBXFileReference; fileEncoding = 4; lastKnownFileType = sourcecode.c.objc; path = "MKAnnotationView+WebCache.m"; sourceTree = "<group>"; };
		EA35EE671DBED789000167B2 /* NSData+ImageContentType.h */ = {isa = PBXFileReference; fileEncoding = 4; lastKnownFileType = sourcecode.c.h; path = "NSData+ImageContentType.h"; sourceTree = "<group>"; };
		EA35EE681DBED789000167B2 /* NSData+ImageContentType.m */ = {isa = PBXFileReference; fileEncoding = 4; lastKnownFileType = sourcecode.c.objc; path = "NSData+ImageContentType.m"; sourceTree = "<group>"; };
		EA35EE691DBED789000167B2 /* SDImageCache.h */ = {isa = PBXFileReference; fileEncoding = 4; lastKnownFileType = sourcecode.c.h; path = SDImageCache.h; sourceTree = "<group>"; };
		EA35EE6A1DBED789000167B2 /* SDImageCache.m */ = {isa = PBXFileReference; fileEncoding = 4; lastKnownFileType = sourcecode.c.objc; path = SDImageCache.m; sourceTree = "<group>"; };
		EA35EE6B1DBED789000167B2 /* SDWebImageCompat.h */ = {isa = PBXFileReference; fileEncoding = 4; lastKnownFileType = sourcecode.c.h; path = SDWebImageCompat.h; sourceTree = "<group>"; };
		EA35EE6C1DBED789000167B2 /* SDWebImageCompat.m */ = {isa = PBXFileReference; fileEncoding = 4; lastKnownFileType = sourcecode.c.objc; path = SDWebImageCompat.m; sourceTree = "<group>"; };
		EA35EE6D1DBED789000167B2 /* SDWebImageDecoder.h */ = {isa = PBXFileReference; fileEncoding = 4; lastKnownFileType = sourcecode.c.h; path = SDWebImageDecoder.h; sourceTree = "<group>"; };
		EA35EE6E1DBED789000167B2 /* SDWebImageDecoder.m */ = {isa = PBXFileReference; fileEncoding = 4; lastKnownFileType = sourcecode.c.objc; path = SDWebImageDecoder.m; sourceTree = "<group>"; };
		EA35EE6F1DBED789000167B2 /* SDWebImageDownloader.h */ = {isa = PBXFileReference; fileEncoding = 4; lastKnownFileType = sourcecode.c.h; path = SDWebImageDownloader.h; sourceTree = "<group>"; };
		EA35EE701DBED789000167B2 /* SDWebImageDownloader.m */ = {isa = PBXFileReference; fileEncoding = 4; lastKnownFileType = sourcecode.c.objc; path = SDWebImageDownloader.m; sourceTree = "<group>"; };
		EA35EE711DBED789000167B2 /* SDWebImageDownloaderOperation.h */ = {isa = PBXFileReference; fileEncoding = 4; lastKnownFileType = sourcecode.c.h; path = SDWebImageDownloaderOperation.h; sourceTree = "<group>"; };
		EA35EE721DBED789000167B2 /* SDWebImageDownloaderOperation.m */ = {isa = PBXFileReference; fileEncoding = 4; lastKnownFileType = sourcecode.c.objc; path = SDWebImageDownloaderOperation.m; sourceTree = "<group>"; };
		EA35EE731DBED789000167B2 /* SDWebImageManager.h */ = {isa = PBXFileReference; fileEncoding = 4; lastKnownFileType = sourcecode.c.h; path = SDWebImageManager.h; sourceTree = "<group>"; };
		EA35EE741DBED789000167B2 /* SDWebImageManager.m */ = {isa = PBXFileReference; fileEncoding = 4; lastKnownFileType = sourcecode.c.objc; path = SDWebImageManager.m; sourceTree = "<group>"; };
		EA35EE751DBED789000167B2 /* SDWebImageOperation.h */ = {isa = PBXFileReference; fileEncoding = 4; lastKnownFileType = sourcecode.c.h; path = SDWebImageOperation.h; sourceTree = "<group>"; };
		EA35EE761DBED789000167B2 /* SDWebImagePrefetcher.h */ = {isa = PBXFileReference; fileEncoding = 4; lastKnownFileType = sourcecode.c.h; path = SDWebImagePrefetcher.h; sourceTree = "<group>"; };
		EA35EE771DBED789000167B2 /* SDWebImagePrefetcher.m */ = {isa = PBXFileReference; fileEncoding = 4; lastKnownFileType = sourcecode.c.objc; path = SDWebImagePrefetcher.m; sourceTree = "<group>"; };
		EA35EE781DBED789000167B2 /* UIButton+WebCache.h */ = {isa = PBXFileReference; fileEncoding = 4; lastKnownFileType = sourcecode.c.h; path = "UIButton+WebCache.h"; sourceTree = "<group>"; };
		EA35EE791DBED789000167B2 /* UIButton+WebCache.m */ = {isa = PBXFileReference; fileEncoding = 4; lastKnownFileType = sourcecode.c.objc; path = "UIButton+WebCache.m"; sourceTree = "<group>"; };
		EA35EE7A1DBED789000167B2 /* UIImage+GIF.h */ = {isa = PBXFileReference; fileEncoding = 4; lastKnownFileType = sourcecode.c.h; path = "UIImage+GIF.h"; sourceTree = "<group>"; };
		EA35EE7B1DBED789000167B2 /* UIImage+GIF.m */ = {isa = PBXFileReference; fileEncoding = 4; lastKnownFileType = sourcecode.c.objc; path = "UIImage+GIF.m"; sourceTree = "<group>"; };
		EA35EE7C1DBED789000167B2 /* UIImage+MultiFormat.h */ = {isa = PBXFileReference; fileEncoding = 4; lastKnownFileType = sourcecode.c.h; path = "UIImage+MultiFormat.h"; sourceTree = "<group>"; };
		EA35EE7D1DBED789000167B2 /* UIImage+MultiFormat.m */ = {isa = PBXFileReference; fileEncoding = 4; lastKnownFileType = sourcecode.c.objc; path = "UIImage+MultiFormat.m"; sourceTree = "<group>"; };
		EA35EE7E1DBED789000167B2 /* UIImage+WebP.h */ = {isa = PBXFileReference; fileEncoding = 4; lastKnownFileType = sourcecode.c.h; path = "UIImage+WebP.h"; sourceTree = "<group>"; };
		EA35EE7F1DBED789000167B2 /* UIImage+WebP.m */ = {isa = PBXFileReference; fileEncoding = 4; lastKnownFileType = sourcecode.c.objc; path = "UIImage+WebP.m"; sourceTree = "<group>"; };
		EA35EE801DBED789000167B2 /* UIImageView+HighlightedWebCache.h */ = {isa = PBXFileReference; fileEncoding = 4; lastKnownFileType = sourcecode.c.h; path = "UIImageView+HighlightedWebCache.h"; sourceTree = "<group>"; };
		EA35EE811DBED789000167B2 /* UIImageView+HighlightedWebCache.m */ = {isa = PBXFileReference; fileEncoding = 4; lastKnownFileType = sourcecode.c.objc; path = "UIImageView+HighlightedWebCache.m"; sourceTree = "<group>"; };
		EA35EE821DBED789000167B2 /* UIImageView+WebCache.h */ = {isa = PBXFileReference; fileEncoding = 4; lastKnownFileType = sourcecode.c.h; path = "UIImageView+WebCache.h"; sourceTree = "<group>"; };
		EA35EE831DBED789000167B2 /* UIImageView+WebCache.m */ = {isa = PBXFileReference; fileEncoding = 4; lastKnownFileType = sourcecode.c.objc; path = "UIImageView+WebCache.m"; sourceTree = "<group>"; };
		EA35EE841DBED789000167B2 /* UIView+WebCacheOperation.h */ = {isa = PBXFileReference; fileEncoding = 4; lastKnownFileType = sourcecode.c.h; path = "UIView+WebCacheOperation.h"; sourceTree = "<group>"; };
		EA35EE851DBED789000167B2 /* UIView+WebCacheOperation.m */ = {isa = PBXFileReference; fileEncoding = 4; lastKnownFileType = sourcecode.c.objc; path = "UIView+WebCacheOperation.m"; sourceTree = "<group>"; };
		EA35EE981DBED795000167B2 /* add_attach@2x.png */ = {isa = PBXFileReference; lastKnownFileType = image.png; path = "add_attach@2x.png"; sourceTree = "<group>"; };
		EA35EE991DBED795000167B2 /* add_attach@3x.png */ = {isa = PBXFileReference; lastKnownFileType = image.png; path = "add_attach@3x.png"; sourceTree = "<group>"; };
		EA35EE9A1DBED795000167B2 /* delete_image@2x.png */ = {isa = PBXFileReference; lastKnownFileType = image.png; path = "delete_image@2x.png"; sourceTree = "<group>"; };
		EA35EE9B1DBED795000167B2 /* delete_image@3x.png */ = {isa = PBXFileReference; lastKnownFileType = image.png; path = "delete_image@3x.png"; sourceTree = "<group>"; };
		EA35EE9C1DBED795000167B2 /* XTImageGridView.h */ = {isa = PBXFileReference; fileEncoding = 4; lastKnownFileType = sourcecode.c.h; path = XTImageGridView.h; sourceTree = "<group>"; };
		EA35EE9D1DBED795000167B2 /* XTImageGridView.m */ = {isa = PBXFileReference; fileEncoding = 4; lastKnownFileType = sourcecode.c.objc; path = XTImageGridView.m; sourceTree = "<group>"; };
		EA9733611DBED64600690CA9 /* XTImageGridViewDemo.app */ = {isa = PBXFileReference; explicitFileType = wrapper.application; includeInIndex = 0; path = XTImageGridViewDemo.app; sourceTree = BUILT_PRODUCTS_DIR; };
		EA9733651DBED64600690CA9 /* main.m */ = {isa = PBXFileReference; lastKnownFileType = sourcecode.c.objc; path = main.m; sourceTree = "<group>"; };
		EA9733671DBED64600690CA9 /* AppDelegate.h */ = {isa = PBXFileReference; lastKnownFileType = sourcecode.c.h; path = AppDelegate.h; sourceTree = "<group>"; };
		EA9733681DBED64600690CA9 /* AppDelegate.m */ = {isa = PBXFileReference; lastKnownFileType = sourcecode.c.objc; path = AppDelegate.m; sourceTree = "<group>"; };
		EA97336A1DBED64600690CA9 /* ViewController.h */ = {isa = PBXFileReference; lastKnownFileType = sourcecode.c.h; path = ViewController.h; sourceTree = "<group>"; };
		EA97336B1DBED64600690CA9 /* ViewController.m */ = {isa = PBXFileReference; lastKnownFileType = sourcecode.c.objc; path = ViewController.m; sourceTree = "<group>"; };
		EA97336E1DBED64600690CA9 /* Base */ = {isa = PBXFileReference; lastKnownFileType = file.storyboard; name = Base; path = Base.lproj/Main.storyboard; sourceTree = "<group>"; };
		EA9733701DBED64600690CA9 /* Assets.xcassets */ = {isa = PBXFileReference; lastKnownFileType = folder.assetcatalog; path = Assets.xcassets; sourceTree = "<group>"; };
		EA9733731DBED64600690CA9 /* Base */ = {isa = PBXFileReference; lastKnownFileType = file.storyboard; name = Base; path = Base.lproj/LaunchScreen.storyboard; sourceTree = "<group>"; };
		EA9733751DBED64600690CA9 /* Info.plist */ = {isa = PBXFileReference; lastKnownFileType = text.plist.xml; path = Info.plist; sourceTree = "<group>"; };
/* End PBXFileReference section */

/* Begin PBXFrameworksBuildPhase section */
		EA97335E1DBED64600690CA9 /* Frameworks */ = {
			isa = PBXFrameworksBuildPhase;
			buildActionMask = 2147483647;
			files = (
			);
			runOnlyForDeploymentPostprocessing = 0;
		};
/* End PBXFrameworksBuildPhase section */

/* Begin PBXGroup section */
		EA35EE641DBED789000167B2 /* SDWebImage */ = {
			isa = PBXGroup;
			children = (
				EA35EE651DBED789000167B2 /* MKAnnotationView+WebCache.h */,
				EA35EE661DBED789000167B2 /* MKAnnotationView+WebCache.m */,
				EA35EE671DBED789000167B2 /* NSData+ImageContentType.h */,
				EA35EE681DBED789000167B2 /* NSData+ImageContentType.m */,
				EA35EE691DBED789000167B2 /* SDImageCache.h */,
				EA35EE6A1DBED789000167B2 /* SDImageCache.m */,
				EA35EE6B1DBED789000167B2 /* SDWebImageCompat.h */,
				EA35EE6C1DBED789000167B2 /* SDWebImageCompat.m */,
				EA35EE6D1DBED789000167B2 /* SDWebImageDecoder.h */,
				EA35EE6E1DBED789000167B2 /* SDWebImageDecoder.m */,
				EA35EE6F1DBED789000167B2 /* SDWebImageDownloader.h */,
				EA35EE701DBED789000167B2 /* SDWebImageDownloader.m */,
				EA35EE711DBED789000167B2 /* SDWebImageDownloaderOperation.h */,
				EA35EE721DBED789000167B2 /* SDWebImageDownloaderOperation.m */,
				EA35EE731DBED789000167B2 /* SDWebImageManager.h */,
				EA35EE741DBED789000167B2 /* SDWebImageManager.m */,
				EA35EE751DBED789000167B2 /* SDWebImageOperation.h */,
				EA35EE761DBED789000167B2 /* SDWebImagePrefetcher.h */,
				EA35EE771DBED789000167B2 /* SDWebImagePrefetcher.m */,
				EA35EE781DBED789000167B2 /* UIButton+WebCache.h */,
				EA35EE791DBED789000167B2 /* UIButton+WebCache.m */,
				EA35EE7A1DBED789000167B2 /* UIImage+GIF.h */,
				EA35EE7B1DBED789000167B2 /* UIImage+GIF.m */,
				EA35EE7C1DBED789000167B2 /* UIImage+MultiFormat.h */,
				EA35EE7D1DBED789000167B2 /* UIImage+MultiFormat.m */,
				EA35EE7E1DBED789000167B2 /* UIImage+WebP.h */,
				EA35EE7F1DBED789000167B2 /* UIImage+WebP.m */,
				EA35EE801DBED789000167B2 /* UIImageView+HighlightedWebCache.h */,
				EA35EE811DBED789000167B2 /* UIImageView+HighlightedWebCache.m */,
				EA35EE821DBED789000167B2 /* UIImageView+WebCache.h */,
				EA35EE831DBED789000167B2 /* UIImageView+WebCache.m */,
				EA35EE841DBED789000167B2 /* UIView+WebCacheOperation.h */,
				EA35EE851DBED789000167B2 /* UIView+WebCacheOperation.m */,
			);
			path = SDWebImage;
			sourceTree = "<group>";
		};
		EA35EE961DBED795000167B2 /* XTImageGridView */ = {
			isa = PBXGroup;
			children = (
				EA35EE971DBED795000167B2 /* image */,
				EA35EE9C1DBED795000167B2 /* XTImageGridView.h */,
				EA35EE9D1DBED795000167B2 /* XTImageGridView.m */,
			);
			name = XTImageGridView;
			path = ../../XTImageGridView;
			sourceTree = "<group>";
		};
		EA35EE971DBED795000167B2 /* image */ = {
			isa = PBXGroup;
			children = (
				EA35EE981DBED795000167B2 /* add_attach@2x.png */,
				EA35EE991DBED795000167B2 /* add_attach@3x.png */,
				EA35EE9A1DBED795000167B2 /* delete_image@2x.png */,
				EA35EE9B1DBED795000167B2 /* delete_image@3x.png */,
			);
			path = image;
			sourceTree = "<group>";
		};
		EA9733581DBED64600690CA9 = {
			isa = PBXGroup;
			children = (
				EA9733631DBED64600690CA9 /* XTImageGridViewDemo */,
				EA9733621DBED64600690CA9 /* Products */,
			);
			sourceTree = "<group>";
		};
		EA9733621DBED64600690CA9 /* Products */ = {
			isa = PBXGroup;
			children = (
				EA9733611DBED64600690CA9 /* XTImageGridViewDemo.app */,
			);
			name = Products;
			sourceTree = "<group>";
		};
		EA9733631DBED64600690CA9 /* XTImageGridViewDemo */ = {
			isa = PBXGroup;
			children = (
				EA35EE641DBED789000167B2 /* SDWebImage */,
				EA35EE961DBED795000167B2 /* XTImageGridView */,
				EA35EE5A1DBED74F000167B2 /* CustomViewController.h */,
				EA35EE5B1DBED74F000167B2 /* CustomViewController.m */,
				EA35EE5C1DBED74F000167B2 /* DefaultViewController.h */,
				EA35EE5D1DBED74F000167B2 /* DefaultViewController.m */,
				EA9733671DBED64600690CA9 /* AppDelegate.h */,
				EA9733681DBED64600690CA9 /* AppDelegate.m */,
				EA97336A1DBED64600690CA9 /* ViewController.h */,
				EA97336B1DBED64600690CA9 /* ViewController.m */,
				EA97336D1DBED64600690CA9 /* Main.storyboard */,
				EA9733701DBED64600690CA9 /* Assets.xcassets */,
				EA9733721DBED64600690CA9 /* LaunchScreen.storyboard */,
				EA9733751DBED64600690CA9 /* Info.plist */,
				EA9733641DBED64600690CA9 /* Supporting Files */,
			);
			path = XTImageGridViewDemo;
			sourceTree = "<group>";
		};
		EA9733641DBED64600690CA9 /* Supporting Files */ = {
			isa = PBXGroup;
			children = (
				EA9733651DBED64600690CA9 /* main.m */,
			);
			name = "Supporting Files";
			sourceTree = "<group>";
		};
/* End PBXGroup section */

/* Begin PBXNativeTarget section */
		EA9733601DBED64600690CA9 /* XTImageGridViewDemo */ = {
			isa = PBXNativeTarget;
			buildConfigurationList = EA9733781DBED64600690CA9 /* Build configuration list for PBXNativeTarget "XTImageGridViewDemo" */;
			buildPhases = (
				EA97335D1DBED64600690CA9 /* Sources */,
				EA97335E1DBED64600690CA9 /* Frameworks */,
				EA97335F1DBED64600690CA9 /* Resources */,
			);
			buildRules = (
			);
			dependencies = (
			);
			name = XTImageGridViewDemo;
			productName = XTImageGridViewDemo;
			productReference = EA9733611DBED64600690CA9 /* XTImageGridViewDemo.app */;
			productType = "com.apple.product-type.application";
		};
/* End PBXNativeTarget section */

/* Begin PBXProject section */
		EA9733591DBED64600690CA9 /* Project object */ = {
			isa = PBXProject;
			attributes = {
				LastUpgradeCheck = 0730;
				ORGANIZATIONNAME = "Ronnie Chen";
				TargetAttributes = {
					EA9733601DBED64600690CA9 = {
						CreatedOnToolsVersion = 7.3.1;
					};
				};
			};
			buildConfigurationList = EA97335C1DBED64600690CA9 /* Build configuration list for PBXProject "XTImageGridViewDemo" */;
			compatibilityVersion = "Xcode 3.2";
			developmentRegion = English;
			hasScannedForEncodings = 0;
			knownRegions = (
				en,
				Base,
			);
			mainGroup = EA9733581DBED64600690CA9;
			productRefGroup = EA9733621DBED64600690CA9 /* Products */;
			projectDirPath = "";
			projectRoot = "";
			targets = (
				EA9733601DBED64600690CA9 /* XTImageGridViewDemo */,
			);
		};
/* End PBXProject section */

/* Begin PBXResourcesBuildPhase section */
		EA97335F1DBED64600690CA9 /* Resources */ = {
			isa = PBXResourcesBuildPhase;
			buildActionMask = 2147483647;
			files = (
				EA9733741DBED64600690CA9 /* LaunchScreen.storyboard in Resources */,
				EA35EE9F1DBED795000167B2 /* add_attach@3x.png in Resources */,
				EA9733711DBED64600690CA9 /* Assets.xcassets in Resources */,
				EA35EEA01DBED795000167B2 /* delete_image@2x.png in Resources */,
				EA97336F1DBED64600690CA9 /* Main.storyboard in Resources */,
				EA35EE9E1DBED795000167B2 /* add_attach@2x.png in Resources */,
				EA35EEA11DBED795000167B2 /* delete_image@3x.png in Resources */,
			);
			runOnlyForDeploymentPostprocessing = 0;
		};
/* End PBXResourcesBuildPhase section */

/* Begin PBXSourcesBuildPhase section */
		EA97335D1DBED64600690CA9 /* Sources */ = {
			isa = PBXSourcesBuildPhase;
			buildActionMask = 2147483647;
			files = (
				EA97336C1DBED64600690CA9 /* ViewController.m in Sources */,
				EA35EE931DBED789000167B2 /* UIImageView+HighlightedWebCache.m in Sources */,
				EA35EE941DBED789000167B2 /* UIImageView+WebCache.m in Sources */,
				EA35EE921DBED789000167B2 /* UIImage+WebP.m in Sources */,
				EA35EE8E1DBED789000167B2 /* SDWebImagePrefetcher.m in Sources */,
				EA35EE601DBED74F000167B2 /* DefaultViewController.m in Sources */,
				EA35EE8A1DBED789000167B2 /* SDWebImageDecoder.m in Sources */,
				EA35EE8B1DBED789000167B2 /* SDWebImageDownloader.m in Sources */,
				EA9733691DBED64600690CA9 /* AppDelegate.m in Sources */,
				EA35EE8D1DBED789000167B2 /* SDWebImageManager.m in Sources */,
				EA35EE951DBED789000167B2 /* UIView+WebCacheOperation.m in Sources */,
				EA35EE8F1DBED789000167B2 /* UIButton+WebCache.m in Sources */,
				EA35EE911DBED789000167B2 /* UIImage+MultiFormat.m in Sources */,
				EA9733661DBED64600690CA9 /* main.m in Sources */,
				EA35EEA21DBED795000167B2 /* XTImageGridView.m in Sources */,
				EA35EE8C1DBED789000167B2 /* SDWebImageDownloaderOperation.m in Sources */,
				EA35EE901DBED789000167B2 /* UIImage+GIF.m in Sources */,
				EA35EE891DBED789000167B2 /* SDWebImageCompat.m in Sources */,
				EA35EE871DBED789000167B2 /* NSData+ImageContentType.m in Sources */,
				EA35EE5F1DBED74F000167B2 /* CustomViewController.m in Sources */,
				EA35EE861DBED789000167B2 /* MKAnnotationView+WebCache.m in Sources */,
				EA35EE881DBED789000167B2 /* SDImageCache.m in Sources */,
			);
			runOnlyForDeploymentPostprocessing = 0;
		};
/* End PBXSourcesBuildPhase section */

/* Begin PBXVariantGroup section */
		EA97336D1DBED64600690CA9 /* Main.storyboard */ = {
			isa = PBXVariantGroup;
			children = (
				EA97336E1DBED64600690CA9 /* Base */,
			);
			name = Main.storyboard;
			sourceTree = "<group>";
		};
		EA9733721DBED64600690CA9 /* LaunchScreen.storyboard */ = {
			isa = PBXVariantGroup;
			children = (
				EA9733731DBED64600690CA9 /* Base */,
			);
			name = LaunchScreen.storyboard;
			sourceTree = "<group>";
		};
/* End PBXVariantGroup section */

/* Begin XCBuildConfiguration section */
		EA9733761DBED64600690CA9 /* Debug */ = {
			isa = XCBuildConfiguration;
			buildSettings = {
				ALWAYS_SEARCH_USER_PATHS = NO;
				CLANG_ANALYZER_NONNULL = YES;
				CLANG_CXX_LANGUAGE_STANDARD = "gnu++0x";
				CLANG_CXX_LIBRARY = "libc++";
				CLANG_ENABLE_MODULES = YES;
				CLANG_ENABLE_OBJC_ARC = YES;
				CLANG_WARN_BOOL_CONVERSION = YES;
				CLANG_WARN_CONSTANT_CONVERSION = YES;
				CLANG_WARN_DIRECT_OBJC_ISA_USAGE = YES_ERROR;
				CLANG_WARN_EMPTY_BODY = YES;
				CLANG_WARN_ENUM_CONVERSION = YES;
				CLANG_WARN_INT_CONVERSION = YES;
				CLANG_WARN_OBJC_ROOT_CLASS = YES_ERROR;
				CLANG_WARN_UNREACHABLE_CODE = YES;
				CLANG_WARN__DUPLICATE_METHOD_MATCH = YES;
				"CODE_SIGN_IDENTITY[sdk=iphoneos*]" = "iPhone Developer";
				COPY_PHASE_STRIP = NO;
				DEBUG_INFORMATION_FORMAT = dwarf;
				ENABLE_STRICT_OBJC_MSGSEND = YES;
				ENABLE_TESTABILITY = YES;
				GCC_C_LANGUAGE_STANDARD = gnu99;
				GCC_DYNAMIC_NO_PIC = NO;
				GCC_NO_COMMON_BLOCKS = YES;
				GCC_OPTIMIZATION_LEVEL = 0;
				GCC_PREPROCESSOR_DEFINITIONS = (
					"DEBUG=1",
					"$(inherited)",
				);
				GCC_WARN_64_TO_32_BIT_CONVERSION = YES;
				GCC_WARN_ABOUT_RETURN_TYPE = YES_ERROR;
				GCC_WARN_UNDECLARED_SELECTOR = YES;
				GCC_WARN_UNINITIALIZED_AUTOS = YES_AGGRESSIVE;
				GCC_WARN_UNUSED_FUNCTION = YES;
				GCC_WARN_UNUSED_VARIABLE = YES;
				IPHONEOS_DEPLOYMENT_TARGET = 9.3;
				MTL_ENABLE_DEBUG_INFO = YES;
				ONLY_ACTIVE_ARCH = YES;
				SDKROOT = iphoneos;
				TARGETED_DEVICE_FAMILY = "1,2";
			};
			name = Debug;
		};
		EA9733771DBED64600690CA9 /* Release */ = {
			isa = XCBuildConfiguration;
			buildSettings = {
				ALWAYS_SEARCH_USER_PATHS = NO;
				CLANG_ANALYZER_NONNULL = YES;
				CLANG_CXX_LANGUAGE_STANDARD = "gnu++0x";
				CLANG_CXX_LIBRARY = "libc++";
				CLANG_ENABLE_MODULES = YES;
				CLANG_ENABLE_OBJC_ARC = YES;
				CLANG_WARN_BOOL_CONVERSION = YES;
				CLANG_WARN_CONSTANT_CONVERSION = YES;
				CLANG_WARN_DIRECT_OBJC_ISA_USAGE = YES_ERROR;
				CLANG_WARN_EMPTY_BODY = YES;
				CLANG_WARN_ENUM_CONVERSION = YES;
				CLANG_WARN_INT_CONVERSION = YES;
				CLANG_WARN_OBJC_ROOT_CLASS = YES_ERROR;
				CLANG_WARN_UNREACHABLE_CODE = YES;
				CLANG_WARN__DUPLICATE_METHOD_MATCH = YES;
				"CODE_SIGN_IDENTITY[sdk=iphoneos*]" = "iPhone Developer";
				COPY_PHASE_STRIP = NO;
				DEBUG_INFORMATION_FORMAT = "dwarf-with-dsym";
				ENABLE_NS_ASSERTIONS = NO;
				ENABLE_STRICT_OBJC_MSGSEND = YES;
				GCC_C_LANGUAGE_STANDARD = gnu99;
				GCC_NO_COMMON_BLOCKS = YES;
				GCC_WARN_64_TO_32_BIT_CONVERSION = YES;
				GCC_WARN_ABOUT_RETURN_TYPE = YES_ERROR;
				GCC_WARN_UNDECLARED_SELECTOR = YES;
				GCC_WARN_UNINITIALIZED_AUTOS = YES_AGGRESSIVE;
				GCC_WARN_UNUSED_FUNCTION = YES;
				GCC_WARN_UNUSED_VARIABLE = YES;
				IPHONEOS_DEPLOYMENT_TARGET = 9.3;
				MTL_ENABLE_DEBUG_INFO = NO;
				SDKROOT = iphoneos;
				TARGETED_DEVICE_FAMILY = "1,2";
				VALIDATE_PRODUCT = YES;
			};
			name = Release;
		};
		EA9733791DBED64600690CA9 /* Debug */ = {
			isa = XCBuildConfiguration;
			buildSettings = {
				ASSETCATALOG_COMPILER_APPICON_NAME = AppIcon;
				INFOPLIST_FILE = XTImageGridViewDemo/Info.plist;
				LD_RUNPATH_SEARCH_PATHS = "$(inherited) @executable_path/Frameworks";
				PRODUCT_BUNDLE_IDENTIFIER = com.ronnie.XTImageGridViewDemo;
				PRODUCT_NAME = "$(TARGET_NAME)";
			};
			name = Debug;
		};
		EA97337A1DBED64600690CA9 /* Release */ = {
			isa = XCBuildConfiguration;
			buildSettings = {
				ASSETCATALOG_COMPILER_APPICON_NAME = AppIcon;
				INFOPLIST_FILE = XTImageGridViewDemo/Info.plist;
				LD_RUNPATH_SEARCH_PATHS = "$(inherited) @executable_path/Frameworks";
				PRODUCT_BUNDLE_IDENTIFIER = com.ronnie.XTImageGridViewDemo;
				PRODUCT_NAME = "$(TARGET_NAME)";
			};
			name = Release;
		};
/* End XCBuildConfiguration section */

/* Begin XCConfigurationList section */
		EA97335C1DBED64600690CA9 /* Build configuration list for PBXProject "XTImageGridViewDemo" */ = {
			isa = XCConfigurationList;
			buildConfigurations = (
				EA9733761DBED64600690CA9 /* Debug */,
				EA9733771DBED64600690CA9 /* Release */,
			);
			defaultConfigurationIsVisible = 0;
			defaultConfigurationName = Release;
		};
		EA9733781DBED64600690CA9 /* Build configuration list for PBXNativeTarget "XTImageGridViewDemo" */ = {
			isa = XCConfigurationList;
			buildConfigurations = (
				EA9733791DBED64600690CA9 /* Debug */,
				EA97337A1DBED64600690CA9 /* Release */,
			);
			defaultConfigurationIsVisible = 0;
			defaultConfigurationName = Release;
		};
/* End XCConfigurationList section */
	};
	rootObject = EA9733591DBED64600690CA9 /* Project object */;
}
